// !$*UTF8*$!
{
	archiveVersion = 1;
	classes = {
	};
	objectVersion = 46;
	objects = {

/* Begin PBXBuildFile section */
		DC29F5FF1B2CB48E00DDD93C /* CityDetailViewController.swift in Sources */ = {isa = PBXBuildFile; fileRef = DC29F5FE1B2CB48E00DDD93C /* CityDetailViewController.swift */; };
		DCD3FE401B2C3AD10032D6A8 /* AppDelegate.swift in Sources */ = {isa = PBXBuildFile; fileRef = DCD3FE3F1B2C3AD10032D6A8 /* AppDelegate.swift */; };
		DCD3FE421B2C3AD10032D6A8 /* CitiesViewController.swift in Sources */ = {isa = PBXBuildFile; fileRef = DCD3FE411B2C3AD10032D6A8 /* CitiesViewController.swift */; };
		DCD3FE451B2C3AD10032D6A8 /* Main.storyboard in Resources */ = {isa = PBXBuildFile; fileRef = DCD3FE431B2C3AD10032D6A8 /* Main.storyboard */; };
		DCD3FE471B2C3AD10032D6A8 /* Images.xcassets in Resources */ = {isa = PBXBuildFile; fileRef = DCD3FE461B2C3AD10032D6A8 /* Images.xcassets */; };
		DCD3FE4A1B2C3AD10032D6A8 /* LaunchScreen.xib in Resources */ = {isa = PBXBuildFile; fileRef = DCD3FE481B2C3AD10032D6A8 /* LaunchScreen.xib */; };
		DCD3FE561B2C3AD10032D6A8 /* CitiesTests.swift in Sources */ = {isa = PBXBuildFile; fileRef = DCD3FE551B2C3AD10032D6A8 /* CitiesTests.swift */; };
		DCD3FE601B2C93180032D6A8 /* City.swift in Sources */ = {isa = PBXBuildFile; fileRef = DCD3FE5F1B2C93180032D6A8 /* City.swift */; };
/* End PBXBuildFile section */

/* Begin PBXContainerItemProxy section */
		DCD3FE501B2C3AD10032D6A8 /* PBXContainerItemProxy */ = {
			isa = PBXContainerItemProxy;
			containerPortal = DCD3FE321B2C3AD10032D6A8 /* Project object */;
			proxyType = 1;
			remoteGlobalIDString = DCD3FE391B2C3AD10032D6A8;
			remoteInfo = Cities;
		};
/* End PBXContainerItemProxy section */

/* Begin PBXFileReference section */
		DC29F5FE1B2CB48E00DDD93C /* CityDetailViewController.swift */ = {isa = PBXFileReference; fileEncoding = 4; lastKnownFileType = sourcecode.swift; name = CityDetailViewController.swift; path = ../CityDetailViewController.swift; sourceTree = "<group>"; };
		DCD3FE3A1B2C3AD10032D6A8 /* Cities.app */ = {isa = PBXFileReference; explicitFileType = wrapper.application; includeInIndex = 0; path = Cities.app; sourceTree = BUILT_PRODUCTS_DIR; };
		DCD3FE3E1B2C3AD10032D6A8 /* Info.plist */ = {isa = PBXFileReference; lastKnownFileType = text.plist.xml; path = Info.plist; sourceTree = "<group>"; };
		DCD3FE3F1B2C3AD10032D6A8 /* AppDelegate.swift */ = {isa = PBXFileReference; lastKnownFileType = sourcecode.swift; path = AppDelegate.swift; sourceTree = "<group>"; };
		DCD3FE411B2C3AD10032D6A8 /* CitiesViewController.swift */ = {isa = PBXFileReference; lastKnownFileType = sourcecode.swift; name = CitiesViewController.swift; path = Cities/CitiesViewController.swift; sourceTree = SOURCE_ROOT; };
		DCD3FE441B2C3AD10032D6A8 /* Base */ = {isa = PBXFileReference; lastKnownFileType = file.storyboard; name = Base; path = Base.lproj/Main.storyboard; sourceTree = "<group>"; };
		DCD3FE461B2C3AD10032D6A8 /* Images.xcassets */ = {isa = PBXFileReference; lastKnownFileType = folder.assetcatalog; path = Images.xcassets; sourceTree = "<group>"; };
		DCD3FE491B2C3AD10032D6A8 /* Base */ = {isa = PBXFileReference; lastKnownFileType = file.xib; name = Base; path = Base.lproj/LaunchScreen.xib; sourceTree = "<group>"; };
		DCD3FE4F1B2C3AD10032D6A8 /* CitiesTests.xctest */ = {isa = PBXFileReference; explicitFileType = wrapper.cfbundle; includeInIndex = 0; path = CitiesTests.xctest; sourceTree = BUILT_PRODUCTS_DIR; };
		DCD3FE541B2C3AD10032D6A8 /* Info.plist */ = {isa = PBXFileReference; lastKnownFileType = text.plist.xml; path = Info.plist; sourceTree = "<group>"; };
		DCD3FE551B2C3AD10032D6A8 /* CitiesTests.swift */ = {isa = PBXFileReference; lastKnownFileType = sourcecode.swift; path = CitiesTests.swift; sourceTree = "<group>"; };
		DCD3FE5F1B2C93180032D6A8 /* City.swift */ = {isa = PBXFileReference; fileEncoding = 4; lastKnownFileType = sourcecode.swift; name = City.swift; path = Cities/City.swift; sourceTree = SOURCE_ROOT; };
/* End PBXFileReference section */

/* Begin PBXFrameworksBuildPhase section */
		DCD3FE371B2C3AD10032D6A8 /* Frameworks */ = {
			isa = PBXFrameworksBuildPhase;
			buildActionMask = 2147483647;
			files = (
			);
			runOnlyForDeploymentPostprocessing = 0;
		};
		DCD3FE4C1B2C3AD10032D6A8 /* Frameworks */ = {
			isa = PBXFrameworksBuildPhase;
			buildActionMask = 2147483647;
			files = (
			);
			runOnlyForDeploymentPostprocessing = 0;
		};
/* End PBXFrameworksBuildPhase section */

/* Begin PBXGroup section */
		DCD3FE311B2C3AD10032D6A8 = {
			isa = PBXGroup;
			children = (
				DCD3FE3C1B2C3AD10032D6A8 /* Cities */,
				DCD3FE521B2C3AD10032D6A8 /* CitiesTests */,
				DCD3FE3B1B2C3AD10032D6A8 /* Products */,
			);
			sourceTree = "<group>";
		};
		DCD3FE3B1B2C3AD10032D6A8 /* Products */ = {
			isa = PBXGroup;
			children = (
				DCD3FE3A1B2C3AD10032D6A8 /* Cities.app */,
				DCD3FE4F1B2C3AD10032D6A8 /* CitiesTests.xctest */,
			);
			name = Products;
			sourceTree = "<group>";
		};
		DCD3FE3C1B2C3AD10032D6A8 /* Cities */ = {
			isa = PBXGroup;
			children = (
				DC29F5FE1B2CB48E00DDD93C /* CityDetailViewController.swift */,
				DCD3FE3F1B2C3AD10032D6A8 /* AppDelegate.swift */,
				DCD3FE411B2C3AD10032D6A8 /* CitiesViewController.swift */,
				DCD3FE5F1B2C93180032D6A8 /* City.swift */,
				DCD3FE431B2C3AD10032D6A8 /* Main.storyboard */,
				DCD3FE461B2C3AD10032D6A8 /* Images.xcassets */,
				DCD3FE481B2C3AD10032D6A8 /* LaunchScreen.xib */,
				DCD3FE3D1B2C3AD10032D6A8 /* Supporting Files */,
			);
			path = Cities;
			sourceTree = "<group>";
		};
		DCD3FE3D1B2C3AD10032D6A8 /* Supporting Files */ = {
			isa = PBXGroup;
			children = (
				DCD3FE3E1B2C3AD10032D6A8 /* Info.plist */,
			);
			name = "Supporting Files";
			sourceTree = "<group>";
		};
		DCD3FE521B2C3AD10032D6A8 /* CitiesTests */ = {
			isa = PBXGroup;
			children = (
				DCD3FE551B2C3AD10032D6A8 /* CitiesTests.swift */,
				DCD3FE531B2C3AD10032D6A8 /* Supporting Files */,
			);
			path = CitiesTests;
			sourceTree = "<group>";
		};
		DCD3FE531B2C3AD10032D6A8 /* Supporting Files */ = {
			isa = PBXGroup;
			children = (
				DCD3FE541B2C3AD10032D6A8 /* Info.plist */,
			);
			name = "Supporting Files";
			sourceTree = "<group>";
		};
/* End PBXGroup section */

/* Begin PBXNativeTarget section */
		DCD3FE391B2C3AD10032D6A8 /* Cities */ = {
			isa = PBXNativeTarget;
			buildConfigurationList = DCD3FE591B2C3AD10032D6A8 /* Build configuration list for PBXNativeTarget "Cities" */;
			buildPhases = (
				DCD3FE361B2C3AD10032D6A8 /* Sources */,
				DCD3FE371B2C3AD10032D6A8 /* Frameworks */,
				DCD3FE381B2C3AD10032D6A8 /* Resources */,
			);
			buildRules = (
			);
			dependencies = (
			);
			name = Cities;
			productName = Cities;
			productReference = DCD3FE3A1B2C3AD10032D6A8 /* Cities.app */;
			productType = "com.apple.product-type.application";
		};
		DCD3FE4E1B2C3AD10032D6A8 /* CitiesTests */ = {
			isa = PBXNativeTarget;
			buildConfigurationList = DCD3FE5C1B2C3AD10032D6A8 /* Build configuration list for PBXNativeTarget "CitiesTests" */;
			buildPhases = (
				DCD3FE4B1B2C3AD10032D6A8 /* Sources */,
				DCD3FE4C1B2C3AD10032D6A8 /* Frameworks */,
				DCD3FE4D1B2C3AD10032D6A8 /* Resources */,
			);
			buildRules = (
			);
			dependencies = (
				DCD3FE511B2C3AD10032D6A8 /* PBXTargetDependency */,
			);
			name = CitiesTests;
			productName = CitiesTests;
			productReference = DCD3FE4F1B2C3AD10032D6A8 /* CitiesTests.xctest */;
			productType = "com.apple.product-type.bundle.unit-test";
		};
/* End PBXNativeTarget section */

/* Begin PBXProject section */
		DCD3FE321B2C3AD10032D6A8 /* Project object */ = {
			isa = PBXProject;
			attributes = {
				LastUpgradeCheck = 0630;
				ORGANIZATIONNAME = "Felix Feldmann";
				TargetAttributes = {
					DCD3FE391B2C3AD10032D6A8 = {
						CreatedOnToolsVersion = 6.3.2;
						DevelopmentTeam = SZEDS83NVF;
					};
					DCD3FE4E1B2C3AD10032D6A8 = {
						CreatedOnToolsVersion = 6.3.2;
						TestTargetID = DCD3FE391B2C3AD10032D6A8;
					};
				};
			};
			buildConfigurationList = DCD3FE351B2C3AD10032D6A8 /* Build configuration list for PBXProject "Cities" */;
			compatibilityVersion = "Xcode 3.2";
			developmentRegion = English;
			hasScannedForEncodings = 0;
			knownRegions = (
				en,
				Base,
			);
			mainGroup = DCD3FE311B2C3AD10032D6A8;
			productRefGroup = DCD3FE3B1B2C3AD10032D6A8 /* Products */;
			projectDirPath = "";
			projectRoot = "";
			targets = (
				DCD3FE391B2C3AD10032D6A8 /* Cities */,
				DCD3FE4E1B2C3AD10032D6A8 /* CitiesTests */,
			);
		};
/* End PBXProject section */

/* Begin PBXResourcesBuildPhase section */
		DCD3FE381B2C3AD10032D6A8 /* Resources */ = {
			isa = PBXResourcesBuildPhase;
			buildActionMask = 2147483647;
			files = (
				DCD3FE451B2C3AD10032D6A8 /* Main.storyboard in Resources */,
				DCD3FE4A1B2C3AD10032D6A8 /* LaunchScreen.xib in Resources */,
				DCD3FE471B2C3AD10032D6A8 /* Images.xcassets in Resources */,
			);
			runOnlyForDeploymentPostprocessing = 0;
		};
		DCD3FE4D1B2C3AD10032D6A8 /* Resources */ = {
			isa = PBXResourcesBuildPhase;
			buildActionMask = 2147483647;
			files = (
			);
			runOnlyForDeploymentPostprocessing = 0;
		};
/* End PBXResourcesBuildPhase section */

/* Begin PBXSourcesBuildPhase section */
		DCD3FE361B2C3AD10032D6A8 /* Sources */ = {
			isa = PBXSourcesBuildPhase;
			buildActionMask = 2147483647;
			files = (
				DC29F5FF1B2CB48E00DDD93C /* CityDetailViewController.swift in Sources */,
				DCD3FE421B2C3AD10032D6A8 /* CitiesViewController.swift in Sources */,
				DCD3FE401B2C3AD10032D6A8 /* AppDelegate.swift in Sources */,
				DCD3FE601B2C93180032D6A8 /* City.swift in Sources */,
			);
			runOnlyForDeploymentPostprocessing = 0;
		};
		DCD3FE4B1B2C3AD10032D6A8 /* Sources */ = {
			isa = PBXSourcesBuildPhase;
			buildActionMask = 2147483647;
			files = (
				DCD3FE561B2C3AD10032D6A8 /* CitiesTests.swift in Sources */,
			);
			runOnlyForDeploymentPostprocessing = 0;
		};
/* End PBXSourcesBuildPhase section */

/* Begin PBXTargetDependency section */
		DCD3FE511B2C3AD10032D6A8 /* PBXTargetDependency */ = {
			isa = PBXTargetDependency;
			target = DCD3FE391B2C3AD10032D6A8 /* Cities */;
			targetProxy = DCD3FE501B2C3AD10032D6A8 /* PBXContainerItemProxy */;
		};
/* End PBXTargetDependency section */

/* Begin PBXVariantGroup section */
		DCD3FE431B2C3AD10032D6A8 /* Main.storyboard */ = {
			isa = PBXVariantGroup;
			children = (
				DCD3FE441B2C3AD10032D6A8 /* Base */,
			);
			name = Main.storyboard;
			sourceTree = "<group>";
		};
		DCD3FE481B2C3AD10032D6A8 /* LaunchScreen.xib */ = {
			isa = PBXVariantGroup;
			children = (
				DCD3FE491B2C3AD10032D6A8 /* Base */,
			);
			name = LaunchScreen.xib;
			sourceTree = "<group>";
		};
/* End PBXVariantGroup section */

/* Begin XCBuildConfiguration section */
		DCD3FE571B2C3AD10032D6A8 /* Debug */ = {
			isa = XCBuildConfiguration;
			buildSettings = {
				ALWAYS_SEARCH_USER_PATHS = NO;
				CLANG_CXX_LANGUAGE_STANDARD = "gnu++0x";
				CLANG_CXX_LIBRARY = "libc++";
				CLANG_ENABLE_MODULES = YES;
				CLANG_ENABLE_OBJC_ARC = YES;
				CLANG_WARN_BOOL_CONVERSION = YES;
				CLANG_WARN_CONSTANT_CONVERSION = YES;
				CLANG_WARN_DIRECT_OBJC_ISA_USAGE = YES_ERROR;
				CLANG_WARN_EMPTY_BODY = YES;
				CLANG_WARN_ENUM_CONVERSION = YES;
				CLANG_WARN_INT_CONVERSION = YES;
				CLANG_WARN_OBJC_ROOT_CLASS = YES_ERROR;
				CLANG_WARN_UNREACHABLE_CODE = YES;
				CLANG_WARN__DUPLICATE_METHOD_MATCH = YES;
				"CODE_SIGN_IDENTITY[sdk=iphoneos*]" = "iPhone Developer";
				COPY_PHASE_STRIP = NO;
				DEBUG_INFORMATION_FORMAT = "dwarf-with-dsym";
				ENABLE_STRICT_OBJC_MSGSEND = YES;
				GCC_C_LANGUAGE_STANDARD = gnu99;
				GCC_DYNAMIC_NO_PIC = NO;
				GCC_NO_COMMON_BLOCKS = YES;
				GCC_OPTIMIZATION_LEVEL = 0;
				GCC_PREPROCESSOR_DEFINITIONS = (
					"DEBUG=1",
					"$(inherited)",
				);
				GCC_SYMBOLS_PRIVATE_EXTERN = NO;
				GCC_WARN_64_TO_32_BIT_CONVERSION = YES;
				GCC_WARN_ABOUT_RETURN_TYPE = YES_ERROR;
				GCC_WARN_UNDECLARED_SELECTOR = YES;
				GCC_WARN_UNINITIALIZED_AUTOS = YES_AGGRESSIVE;
				GCC_WARN_UNUSED_FUNCTION = YES;
				GCC_WARN_UNUSED_VARIABLE = YES;
				IPHONEOS_DEPLOYMENT_TARGET = 8.3;
				MTL_ENABLE_DEBUG_INFO = YES;
				ONLY_ACTIVE_ARCH = YES;
				SDKROOT = iphoneos;
				SWIFT_OPTIMIZATION_LEVEL = "-Onone";
				TARGETED_DEVICE_FAMILY = "1,2";
			};
			name = Debug;
		};
		DCD3FE581B2C3AD10032D6A8 /* Release */ = {
			isa = XCBuildConfiguration;
			buildSettings = {
				ALWAYS_SEARCH_USER_PATHS = NO;
				CLANG_CXX_LANGUAGE_STANDARD = "gnu++0x";
				CLANG_CXX_LIBRARY = "libc++";
				CLANG_ENABLE_MODULES = YES;
				CLANG_ENABLE_OBJC_ARC = YES;
				CLANG_WARN_BOOL_CONVERSION = YES;
				CLANG_WARN_CONSTANT_CONVERSION = YES;
				CLANG_WARN_DIRECT_OBJC_ISA_USAGE = YES_ERROR;
				CLANG_WARN_EMPTY_BODY = YES;
				CLANG_WARN_ENUM_CONVERSION = YES;
				CLANG_WARN_INT_CONVERSION = YES;
				CLANG_WARN_OBJC_ROOT_CLASS = YES_ERROR;
				CLANG_WARN_UNREACHABLE_CODE = YES;
				CLANG_WARN__DUPLICATE_METHOD_MATCH = YES;
				"CODE_SIGN_IDENTITY[sdk=iphoneos*]" = "iPhone Developer";
				COPY_PHASE_STRIP = NO;
				DEBUG_INFORMATION_FORMAT = "dwarf-with-dsym";
				ENABLE_NS_ASSERTIONS = NO;
				ENABLE_STRICT_OBJC_MSGSEND = YES;
				GCC_C_LANGUAGE_STANDARD = gnu99;
				GCC_NO_COMMON_BLOCKS = YES;
				GCC_WARN_64_TO_32_BIT_CONVERSION = YES;
				GCC_WARN_ABOUT_RETURN_TYPE = YES_ERROR;
				GCC_WARN_UNDECLARED_SELECTOR = YES;
				GCC_WARN_UNINITIALIZED_AUTOS = YES_AGGRESSIVE;
				GCC_WARN_UNUSED_FUNCTION = YES;
				GCC_WARN_UNUSED_VARIABLE = YES;
				IPHONEOS_DEPLOYMENT_TARGET = 8.3;
				MTL_ENABLE_DEBUG_INFO = NO;
				SDKROOT = iphoneos;
				TARGETED_DEVICE_FAMILY = "1,2";
				VALIDATE_PRODUCT = YES;
			};
			name = Release;
		};
		DCD3FE5A1B2C3AD10032D6A8 /* Debug */ = {
			isa = XCBuildConfiguration;
			buildSettings = {
				ASSETCATALOG_COMPILER_APPICON_NAME = AppIcon;
				CODE_SIGN_IDENTITY = "iPhone Developer";
				INFOPLIST_FILE = Cities/Info.plist;
				LD_RUNPATH_SEARCH_PATHS = "$(inherited) @executable_path/Frameworks";
				PRODUCT_NAME = "$(TARGET_NAME)";
			};
			name = Debug;
		};
		DCD3FE5B1B2C3AD10032D6A8 /* Release */ = {
			isa = XCBuildConfiguration;
			buildSettings = {
				ASSETCATALOG_COMPILER_APPICON_NAME = AppIcon;
				CODE_SIGN_IDENTITY = "iPhone Developer";
				INFOPLIST_FILE = Cities/Info.plist;
				LD_RUNPATH_SEARCH_PATHS = "$(inherited) @executable_path/Frameworks";
				PRODUCT_NAME = "$(TARGET_NAME)";
			};
			name = Release;
		};
		DCD3FE5D1B2C3AD10032D6A8 /* Debug */ = {
			isa = XCBuildConfiguration;
			buildSettings = {
				BUNDLE_LOADER = "$(TEST_HOST)";
				FRAMEWORK_SEARCH_PATHS = (
					"$(SDKROOT)/Developer/Library/Frameworks",
					"$(inherited)",
				);
				GCC_PREPROCESSOR_DEFINITIONS = (
					"DEBUG=1",
					"$(inherited)",
				);
				INFOPLIST_FILE = CitiesTests/Info.plist;
				LD_RUNPATH_SEARCH_PATHS = "$(inherited) @executable_path/Frameworks @loader_path/Frameworks";
				PRODUCT_NAME = "$(TARGET_NAME)";
				TEST_HOST = "$(BUILT_PRODUCTS_DIR)/Cities.app/Cities";
			};
			name = Debug;
		};
		DCD3FE5E1B2C3AD10032D6A8 /* Release */ = {
			isa = XCBuildConfiguration;
			buildSettings = {
				BUNDLE_LOADER = "$(TEST_HOST)";
				FRAMEWORK_SEARCH_PATHS = (
					"$(SDKROOT)/Developer/Library/Frameworks",
					"$(inherited)",
				);
				INFOPLIST_FILE = CitiesTests/Info.plist;
				LD_RUNPATH_SEARCH_PATHS = "$(inherited) @executable_path/Frameworks @loader_path/Frameworks";
				PRODUCT_NAME = "$(TARGET_NAME)";
				TEST_HOST = "$(BUILT_PRODUCTS_DIR)/Cities.app/Cities";
			};
			name = Release;
		};
/* End XCBuildConfiguration section */

/* Begin XCConfigurationList section */
		DCD3FE351B2C3AD10032D6A8 /* Build configuration list for PBXProject "Cities" */ = {
			isa = XCConfigurationList;
			buildConfigurations = (
				DCD3FE571B2C3AD10032D6A8 /* Debug */,
				DCD3FE581B2C3AD10032D6A8 /* Release */,
			);
			defaultConfigurationIsVisible = 0;
			defaultConfigurationName = Release;
		};
		DCD3FE591B2C3AD10032D6A8 /* Build configuration list for PBXNativeTarget "Cities" */ = {
			isa = XCConfigurationList;
			buildConfigurations = (
				DCD3FE5A1B2C3AD10032D6A8 /* Debug */,
				DCD3FE5B1B2C3AD10032D6A8 /* Release */,
			);
			defaultConfigurationIsVisible = 0;
			defaultConfigurationName = Release;
		};
		DCD3FE5C1B2C3AD10032D6A8 /* Build configuration list for PBXNativeTarget "CitiesTests" */ = {
			isa = XCConfigurationList;
			buildConfigurations = (
				DCD3FE5D1B2C3AD10032D6A8 /* Debug */,
				DCD3FE5E1B2C3AD10032D6A8 /* Release */,
			);
			defaultConfigurationIsVisible = 0;
			defaultConfigurationName = Release;
		};
/* End XCConfigurationList section */
	};
	rootObject = DCD3FE321B2C3AD10032D6A8 /* Project object */;
}
